// !$*UTF8*$!
{
	archiveVersion = 1;
	classes = {
	};
	objectVersion = 46;
	objects = {

/* Begin PBXBuildFile section */
		A2CC433018079C6F0029C967 /* XCTest.framework in Frameworks */ = {isa = PBXBuildFile; fileRef = A2CC432F18079C6F0029C967 /* XCTest.framework */; };
		A2CC433118079C6F0029C967 /* Foundation.framework in Frameworks */ = {isa = PBXBuildFile; fileRef = A2ED3ECE17112B3F003E9A37 /* Foundation.framework */; };
		A2CC433218079C6F0029C967 /* UIKit.framework in Frameworks */ = {isa = PBXBuildFile; fileRef = A2ED3ECC17112B3F003E9A37 /* UIKit.framework */; };
		A2CC433518079C6F0029C967 /* libLionCoreDataLibrary.a in Frameworks */ = {isa = PBXBuildFile; fileRef = A2CC432118079C6E0029C967 /* libLionCoreDataLibrary.a */; };
		A2CC433B18079C6F0029C967 /* InfoPlist.strings in Resources */ = {isa = PBXBuildFile; fileRef = A2CC433918079C6F0029C967 /* InfoPlist.strings */; };
		A2CC433D18079C6F0029C967 /* LionCoreDataTests.m in Sources */ = {isa = PBXBuildFile; fileRef = A2CC433C18079C6F0029C967 /* LionCoreDataTests.m */; };
		A2CC434418079C950029C967 /* CoreDataEnvir.m in Sources */ = {isa = PBXBuildFile; fileRef = A2ED3F0C17112C58003E9A37 /* CoreDataEnvir.m */; settings = {COMPILER_FLAGS = "-fno-objc-arc"; }; };
		A2EC7C3017F3F1B600CBE4FC /* Team.m in Sources */ = {isa = PBXBuildFile; fileRef = A2EC7C2F17F3F1B600CBE4FC /* Team.m */; };
		A2EC7C3317F3F1B600CBE4FC /* Member.m in Sources */ = {isa = PBXBuildFile; fileRef = A2EC7C3217F3F1B600CBE4FC /* Member.m */; };
		A2EC7C3517F3F2BD00CBE4FC /* demo.plist in Resources */ = {isa = PBXBuildFile; fileRef = A2EC7C3417F3F2BD00CBE4FC /* demo.plist */; };
		A2EC7C3817F3F53200CBE4FC /* ConcurrencyViewController.m in Sources */ = {isa = PBXBuildFile; fileRef = A2EC7C3717F3F53200CBE4FC /* ConcurrencyViewController.m */; };
		A2EC7CA917F4168300CBE4FC /* RelationshipViewController.m in Sources */ = {isa = PBXBuildFile; fileRef = A2EC7CA817F4168300CBE4FC /* RelationshipViewController.m */; };
		A2ED3ECD17112B3F003E9A37 /* UIKit.framework in Frameworks */ = {isa = PBXBuildFile; fileRef = A2ED3ECC17112B3F003E9A37 /* UIKit.framework */; };
		A2ED3ECF17112B3F003E9A37 /* Foundation.framework in Frameworks */ = {isa = PBXBuildFile; fileRef = A2ED3ECE17112B3F003E9A37 /* Foundation.framework */; };
		A2ED3ED117112B3F003E9A37 /* CoreGraphics.framework in Frameworks */ = {isa = PBXBuildFile; fileRef = A2ED3ED017112B3F003E9A37 /* CoreGraphics.framework */; };
		A2ED3ED717112B3F003E9A37 /* InfoPlist.strings in Resources */ = {isa = PBXBuildFile; fileRef = A2ED3ED517112B3F003E9A37 /* InfoPlist.strings */; };
		A2ED3ED917112B3F003E9A37 /* main.m in Sources */ = {isa = PBXBuildFile; fileRef = A2ED3ED817112B3F003E9A37 /* main.m */; };
		A2ED3EDD17112B3F003E9A37 /* AppDelegate.m in Sources */ = {isa = PBXBuildFile; fileRef = A2ED3EDC17112B3F003E9A37 /* AppDelegate.m */; };
		A2ED3EDF17112B3F003E9A37 /* Default.png in Resources */ = {isa = PBXBuildFile; fileRef = A2ED3EDE17112B3F003E9A37 /* Default.png */; };
		A2ED3EE117112B3F003E9A37 /* Default@2x.png in Resources */ = {isa = PBXBuildFile; fileRef = A2ED3EE017112B3F003E9A37 /* Default@2x.png */; };
		A2ED3EE317112B3F003E9A37 /* Default-568h@2x.png in Resources */ = {isa = PBXBuildFile; fileRef = A2ED3EE217112B3F003E9A37 /* Default-568h@2x.png */; };
		A2ED3EE617112B3F003E9A37 /* ViewController.m in Sources */ = {isa = PBXBuildFile; fileRef = A2ED3EE517112B3F003E9A37 /* ViewController.m */; };
		A2ED3EF417112B40003E9A37 /* SenTestingKit.framework in Frameworks */ = {isa = PBXBuildFile; fileRef = A2ED3EF317112B40003E9A37 /* SenTestingKit.framework */; };
		A2ED3EF517112B40003E9A37 /* UIKit.framework in Frameworks */ = {isa = PBXBuildFile; fileRef = A2ED3ECC17112B3F003E9A37 /* UIKit.framework */; };
		A2ED3EF617112B40003E9A37 /* Foundation.framework in Frameworks */ = {isa = PBXBuildFile; fileRef = A2ED3ECE17112B3F003E9A37 /* Foundation.framework */; };
		A2ED3EFE17112B40003E9A37 /* InfoPlist.strings in Resources */ = {isa = PBXBuildFile; fileRef = A2ED3EFC17112B40003E9A37 /* InfoPlist.strings */; };
		A2ED3F0117112B40003E9A37 /* CoreDataEnvirSampleTests.m in Sources */ = {isa = PBXBuildFile; fileRef = A2ED3F0017112B40003E9A37 /* CoreDataEnvirSampleTests.m */; };
		A2ED3F0D17112C58003E9A37 /* CoreDataEnvir.m in Sources */ = {isa = PBXBuildFile; fileRef = A2ED3F0C17112C58003E9A37 /* CoreDataEnvir.m */; };
		A2ED3F0E17112C58003E9A37 /* CoreDataEnvir.m in Sources */ = {isa = PBXBuildFile; fileRef = A2ED3F0C17112C58003E9A37 /* CoreDataEnvir.m */; };
		A2ED3F1117112D37003E9A37 /* SampleModel.xcdatamodeld in Sources */ = {isa = PBXBuildFile; fileRef = A2ED3F0F17112D37003E9A37 /* SampleModel.xcdatamodeld */; };
		A2ED3F1217112D37003E9A37 /* SampleModel.xcdatamodeld in Sources */ = {isa = PBXBuildFile; fileRef = A2ED3F0F17112D37003E9A37 /* SampleModel.xcdatamodeld */; };
		A2ED3F2F17113E5F003E9A37 /* CoreData.framework in Frameworks */ = {isa = PBXBuildFile; fileRef = A2ED3F2E17113E5F003E9A37 /* CoreData.framework */; };
/* End PBXBuildFile section */

/* Begin PBXContainerItemProxy section */
		A2CC433318079C6F0029C967 /* PBXContainerItemProxy */ = {
			isa = PBXContainerItemProxy;
			containerPortal = A2ED3EC117112B3F003E9A37 /* Project object */;
			proxyType = 1;
			remoteGlobalIDString = A2CC432018079C6E0029C967;
			remoteInfo = LionCoreData;
		};
		A2ED3EF717112B40003E9A37 /* PBXContainerItemProxy */ = {
			isa = PBXContainerItemProxy;
			containerPortal = A2ED3EC117112B3F003E9A37 /* Project object */;
			proxyType = 1;
			remoteGlobalIDString = A2ED3EC817112B3F003E9A37;
			remoteInfo = CoreDataEnvirSample;
		};
/* End PBXContainerItemProxy section */

/* Begin PBXCopyFilesBuildPhase section */
		A2CC431F18079C6E0029C967 /* CopyFiles */ = {
			isa = PBXCopyFilesBuildPhase;
			buildActionMask = 2147483647;
			dstPath = "include/$(PRODUCT_NAME)";
			dstSubfolderSpec = 16;
			files = (
			);
			runOnlyForDeploymentPostprocessing = 0;
		};
/* End PBXCopyFilesBuildPhase section */

/* Begin PBXFileReference section */
		74C52DB3186C31BE00D2BD25 /* zh-Hans */ = {isa = PBXFileReference; lastKnownFileType = text.plist.strings; name = "zh-Hans"; path = "zh-Hans.lproj/InfoPlist.strings"; sourceTree = "<group>"; };
		74C52DB4186C31BF00D2BD25 /* zh-Hans */ = {isa = PBXFileReference; lastKnownFileType = text.plist.strings; name = "zh-Hans"; path = "zh-Hans.lproj/InfoPlist.strings"; sourceTree = "<group>"; };
		A2CC432118079C6E0029C967 /* libLionCoreDataLibrary.a */ = {isa = PBXFileReference; explicitFileType = archive.ar; includeInIndex = 0; path = libLionCoreDataLibrary.a; sourceTree = BUILT_PRODUCTS_DIR; };
		A2CC432518079C6E0029C967 /* LionCoreData-Prefix.pch */ = {isa = PBXFileReference; lastKnownFileType = sourcecode.c.h; path = "LionCoreData-Prefix.pch"; sourceTree = "<group>"; };
		A2CC432E18079C6F0029C967 /* LionCoreDataTests.xctest */ = {isa = PBXFileReference; explicitFileType = wrapper.cfbundle; includeInIndex = 0; path = LionCoreDataTests.xctest; sourceTree = BUILT_PRODUCTS_DIR; };
		A2CC432F18079C6F0029C967 /* XCTest.framework */ = {isa = PBXFileReference; lastKnownFileType = wrapper.framework; name = XCTest.framework; path = Library/Frameworks/XCTest.framework; sourceTree = DEVELOPER_DIR; };
		A2CC433818079C6F0029C967 /* LionCoreDataTests-Info.plist */ = {isa = PBXFileReference; lastKnownFileType = text.plist.xml; path = "LionCoreDataTests-Info.plist"; sourceTree = "<group>"; };
		A2CC433A18079C6F0029C967 /* en */ = {isa = PBXFileReference; lastKnownFileType = text.plist.strings; name = en; path = en.lproj/InfoPlist.strings; sourceTree = "<group>"; };
		A2CC433C18079C6F0029C967 /* LionCoreDataTests.m */ = {isa = PBXFileReference; lastKnownFileType = sourcecode.c.objc; path = LionCoreDataTests.m; sourceTree = "<group>"; };
		A2EC7C2E17F3F1B600CBE4FC /* Team.h */ = {isa = PBXFileReference; fileEncoding = 4; lastKnownFileType = sourcecode.c.h; path = Team.h; sourceTree = "<group>"; };
		A2EC7C2F17F3F1B600CBE4FC /* Team.m */ = {isa = PBXFileReference; fileEncoding = 4; lastKnownFileType = sourcecode.c.objc; path = Team.m; sourceTree = "<group>"; };
		A2EC7C3117F3F1B600CBE4FC /* Member.h */ = {isa = PBXFileReference; fileEncoding = 4; lastKnownFileType = sourcecode.c.h; path = Member.h; sourceTree = "<group>"; };
		A2EC7C3217F3F1B600CBE4FC /* Member.m */ = {isa = PBXFileReference; fileEncoding = 4; lastKnownFileType = sourcecode.c.objc; path = Member.m; sourceTree = "<group>"; };
		A2EC7C3417F3F2BD00CBE4FC /* demo.plist */ = {isa = PBXFileReference; fileEncoding = 4; lastKnownFileType = text.plist.xml; path = demo.plist; sourceTree = "<group>"; };
		A2EC7C3617F3F53200CBE4FC /* ConcurrencyViewController.h */ = {isa = PBXFileReference; fileEncoding = 4; lastKnownFileType = sourcecode.c.h; path = ConcurrencyViewController.h; sourceTree = "<group>"; };
		A2EC7C3717F3F53200CBE4FC /* ConcurrencyViewController.m */ = {isa = PBXFileReference; fileEncoding = 4; lastKnownFileType = sourcecode.c.objc; path = ConcurrencyViewController.m; sourceTree = "<group>"; };
		A2EC7CA717F4168300CBE4FC /* RelationshipViewController.h */ = {isa = PBXFileReference; fileEncoding = 4; lastKnownFileType = sourcecode.c.h; path = RelationshipViewController.h; sourceTree = "<group>"; };
		A2EC7CA817F4168300CBE4FC /* RelationshipViewController.m */ = {isa = PBXFileReference; fileEncoding = 4; lastKnownFileType = sourcecode.c.objc; path = RelationshipViewController.m; sourceTree = "<group>"; };
		A2ED3EC917112B3F003E9A37 /* CoreDataEnvirSample.app */ = {isa = PBXFileReference; explicitFileType = wrapper.application; includeInIndex = 0; path = CoreDataEnvirSample.app; sourceTree = BUILT_PRODUCTS_DIR; };
		A2ED3ECC17112B3F003E9A37 /* UIKit.framework */ = {isa = PBXFileReference; lastKnownFileType = wrapper.framework; name = UIKit.framework; path = System/Library/Frameworks/UIKit.framework; sourceTree = SDKROOT; };
		A2ED3ECE17112B3F003E9A37 /* Foundation.framework */ = {isa = PBXFileReference; lastKnownFileType = wrapper.framework; name = Foundation.framework; path = System/Library/Frameworks/Foundation.framework; sourceTree = SDKROOT; };
		A2ED3ED017112B3F003E9A37 /* CoreGraphics.framework */ = {isa = PBXFileReference; lastKnownFileType = wrapper.framework; name = CoreGraphics.framework; path = System/Library/Frameworks/CoreGraphics.framework; sourceTree = SDKROOT; };
		A2ED3ED417112B3F003E9A37 /* CoreDataEnvirSample-Info.plist */ = {isa = PBXFileReference; lastKnownFileType = text.plist.xml; path = "CoreDataEnvirSample-Info.plist"; sourceTree = "<group>"; };
		A2ED3ED617112B3F003E9A37 /* en */ = {isa = PBXFileReference; lastKnownFileType = text.plist.strings; name = en; path = en.lproj/InfoPlist.strings; sourceTree = "<group>"; };
		A2ED3ED817112B3F003E9A37 /* main.m */ = {isa = PBXFileReference; lastKnownFileType = sourcecode.c.objc; path = main.m; sourceTree = "<group>"; };
		A2ED3EDA17112B3F003E9A37 /* CoreDataEnvirSample-Prefix.pch */ = {isa = PBXFileReference; lastKnownFileType = sourcecode.c.h; path = "CoreDataEnvirSample-Prefix.pch"; sourceTree = "<group>"; };
		A2ED3EDB17112B3F003E9A37 /* AppDelegate.h */ = {isa = PBXFileReference; lastKnownFileType = sourcecode.c.h; path = AppDelegate.h; sourceTree = "<group>"; };
		A2ED3EDC17112B3F003E9A37 /* AppDelegate.m */ = {isa = PBXFileReference; lastKnownFileType = sourcecode.c.objc; path = AppDelegate.m; sourceTree = "<group>"; };
		A2ED3EDE17112B3F003E9A37 /* Default.png */ = {isa = PBXFileReference; lastKnownFileType = image.png; path = Default.png; sourceTree = "<group>"; };
		A2ED3EE017112B3F003E9A37 /* Default@2x.png */ = {isa = PBXFileReference; lastKnownFileType = image.png; path = "Default@2x.png"; sourceTree = "<group>"; };
		A2ED3EE217112B3F003E9A37 /* Default-568h@2x.png */ = {isa = PBXFileReference; lastKnownFileType = image.png; path = "Default-568h@2x.png"; sourceTree = "<group>"; };
		A2ED3EE417112B3F003E9A37 /* ViewController.h */ = {isa = PBXFileReference; lastKnownFileType = sourcecode.c.h; path = ViewController.h; sourceTree = "<group>"; };
		A2ED3EE517112B3F003E9A37 /* ViewController.m */ = {isa = PBXFileReference; lastKnownFileType = sourcecode.c.objc; path = ViewController.m; sourceTree = "<group>"; };
		A2ED3EF217112B40003E9A37 /* CoreDataEnvirSampleTests.octest */ = {isa = PBXFileReference; explicitFileType = wrapper.cfbundle; includeInIndex = 0; path = CoreDataEnvirSampleTests.octest; sourceTree = BUILT_PRODUCTS_DIR; };
		A2ED3EF317112B40003E9A37 /* SenTestingKit.framework */ = {isa = PBXFileReference; lastKnownFileType = wrapper.framework; name = SenTestingKit.framework; path = Library/Frameworks/SenTestingKit.framework; sourceTree = DEVELOPER_DIR; };
		A2ED3EFB17112B40003E9A37 /* CoreDataEnvirSampleTests-Info.plist */ = {isa = PBXFileReference; lastKnownFileType = text.plist.xml; path = "CoreDataEnvirSampleTests-Info.plist"; sourceTree = "<group>"; };
		A2ED3EFD17112B40003E9A37 /* en */ = {isa = PBXFileReference; lastKnownFileType = text.plist.strings; name = en; path = en.lproj/InfoPlist.strings; sourceTree = "<group>"; };
		A2ED3EFF17112B40003E9A37 /* CoreDataEnvirSampleTests.h */ = {isa = PBXFileReference; lastKnownFileType = sourcecode.c.h; path = CoreDataEnvirSampleTests.h; sourceTree = "<group>"; };
		A2ED3F0017112B40003E9A37 /* CoreDataEnvirSampleTests.m */ = {isa = PBXFileReference; lastKnownFileType = sourcecode.c.objc; path = CoreDataEnvirSampleTests.m; sourceTree = "<group>"; };
		A2ED3F0B17112C58003E9A37 /* CoreDataEnvir.h */ = {isa = PBXFileReference; fileEncoding = 4; lastKnownFileType = sourcecode.c.h; path = CoreDataEnvir.h; sourceTree = "<group>"; };
		A2ED3F0C17112C58003E9A37 /* CoreDataEnvir.m */ = {isa = PBXFileReference; fileEncoding = 4; lastKnownFileType = sourcecode.c.objc; path = CoreDataEnvir.m; sourceTree = "<group>"; };
		A2ED3F1017112D37003E9A37 /* SampleModel.xcdatamodel */ = {isa = PBXFileReference; lastKnownFileType = wrapper.xcdatamodel; path = SampleModel.xcdatamodel; sourceTree = "<group>"; };
		A2ED3F2E17113E5F003E9A37 /* CoreData.framework */ = {isa = PBXFileReference; lastKnownFileType = wrapper.framework; name = CoreData.framework; path = System/Library/Frameworks/CoreData.framework; sourceTree = SDKROOT; };
/* End PBXFileReference section */

/* Begin PBXFrameworksBuildPhase section */
		A2CC431E18079C6E0029C967 /* Frameworks */ = {
			isa = PBXFrameworksBuildPhase;
			buildActionMask = 2147483647;
			files = (
			);
			runOnlyForDeploymentPostprocessing = 0;
		};
		A2CC432B18079C6F0029C967 /* Frameworks */ = {
			isa = PBXFrameworksBuildPhase;
			buildActionMask = 2147483647;
			files = (
				A2CC433518079C6F0029C967 /* libLionCoreDataLibrary.a in Frameworks */,
				A2CC433018079C6F0029C967 /* XCTest.framework in Frameworks */,
				A2CC433218079C6F0029C967 /* UIKit.framework in Frameworks */,
				A2CC433118079C6F0029C967 /* Foundation.framework in Frameworks */,
			);
			runOnlyForDeploymentPostprocessing = 0;
		};
		A2ED3EC617112B3F003E9A37 /* Frameworks */ = {
			isa = PBXFrameworksBuildPhase;
			buildActionMask = 2147483647;
			files = (
				A2ED3F2F17113E5F003E9A37 /* CoreData.framework in Frameworks */,
				A2ED3ECD17112B3F003E9A37 /* UIKit.framework in Frameworks */,
				A2ED3ECF17112B3F003E9A37 /* Foundation.framework in Frameworks */,
				A2ED3ED117112B3F003E9A37 /* CoreGraphics.framework in Frameworks */,
			);
			runOnlyForDeploymentPostprocessing = 0;
		};
		A2ED3EEE17112B40003E9A37 /* Frameworks */ = {
			isa = PBXFrameworksBuildPhase;
			buildActionMask = 2147483647;
			files = (
				A2ED3EF417112B40003E9A37 /* SenTestingKit.framework in Frameworks */,
				A2ED3EF517112B40003E9A37 /* UIKit.framework in Frameworks */,
				A2ED3EF617112B40003E9A37 /* Foundation.framework in Frameworks */,
			);
			runOnlyForDeploymentPostprocessing = 0;
		};
/* End PBXFrameworksBuildPhase section */

/* Begin PBXGroup section */
		A2CC432318079C6E0029C967 /* LionCoreData */ = {
			isa = PBXGroup;
			children = (
				A2CC432418079C6E0029C967 /* Supporting Files */,
			);
			path = LionCoreData;
			sourceTree = "<group>";
		};
		A2CC432418079C6E0029C967 /* Supporting Files */ = {
			isa = PBXGroup;
			children = (
				A2CC432518079C6E0029C967 /* LionCoreData-Prefix.pch */,
			);
			name = "Supporting Files";
			sourceTree = "<group>";
		};
		A2CC433618079C6F0029C967 /* LionCoreDataTests */ = {
			isa = PBXGroup;
			children = (
				A2CC433C18079C6F0029C967 /* LionCoreDataTests.m */,
				A2CC433718079C6F0029C967 /* Supporting Files */,
			);
			path = LionCoreDataTests;
			sourceTree = "<group>";
		};
		A2CC433718079C6F0029C967 /* Supporting Files */ = {
			isa = PBXGroup;
			children = (
				A2CC433818079C6F0029C967 /* LionCoreDataTests-Info.plist */,
				A2CC433918079C6F0029C967 /* InfoPlist.strings */,
			);
			name = "Supporting Files";
			sourceTree = "<group>";
		};
		A2ED3EC017112B3F003E9A37 = {
			isa = PBXGroup;
			children = (
				A2ED3F0A17112BAC003E9A37 /* CoreDataEnvir */,
				A2ED3ED217112B3F003E9A37 /* CoreDataEnvirSample */,
				A2ED3EF917112B40003E9A37 /* CoreDataEnvirSampleTests */,
				A2CC432318079C6E0029C967 /* LionCoreData */,
				A2CC433618079C6F0029C967 /* LionCoreDataTests */,
				A2ED3ECB17112B3F003E9A37 /* Frameworks */,
				A2ED3ECA17112B3F003E9A37 /* Products */,
			);
			sourceTree = "<group>";
		};
		A2ED3ECA17112B3F003E9A37 /* Products */ = {
			isa = PBXGroup;
			children = (
				A2ED3EC917112B3F003E9A37 /* CoreDataEnvirSample.app */,
				A2ED3EF217112B40003E9A37 /* CoreDataEnvirSampleTests.octest */,
				A2CC432118079C6E0029C967 /* libLionCoreDataLibrary.a */,
				A2CC432E18079C6F0029C967 /* LionCoreDataTests.xctest */,
			);
			name = Products;
			sourceTree = "<group>";
		};
		A2ED3ECB17112B3F003E9A37 /* Frameworks */ = {
			isa = PBXGroup;
			children = (
				A2ED3F2E17113E5F003E9A37 /* CoreData.framework */,
				A2ED3ECC17112B3F003E9A37 /* UIKit.framework */,
				A2ED3ECE17112B3F003E9A37 /* Foundation.framework */,
				A2ED3ED017112B3F003E9A37 /* CoreGraphics.framework */,
				A2ED3EF317112B40003E9A37 /* SenTestingKit.framework */,
				A2CC432F18079C6F0029C967 /* XCTest.framework */,
			);
			name = Frameworks;
			sourceTree = "<group>";
		};
		A2ED3ED217112B3F003E9A37 /* CoreDataEnvirSample */ = {
			isa = PBXGroup;
			children = (
				A2ED3EDB17112B3F003E9A37 /* AppDelegate.h */,
				A2ED3EDC17112B3F003E9A37 /* AppDelegate.m */,
				A2ED3EE417112B3F003E9A37 /* ViewController.h */,
				A2ED3EE517112B3F003E9A37 /* ViewController.m */,
				A2EC7C3617F3F53200CBE4FC /* ConcurrencyViewController.h */,
				A2EC7C3717F3F53200CBE4FC /* ConcurrencyViewController.m */,
				A2EC7CA717F4168300CBE4FC /* RelationshipViewController.h */,
				A2EC7CA817F4168300CBE4FC /* RelationshipViewController.m */,
				A2ED3ED317112B3F003E9A37 /* Supporting Files */,
			);
			path = CoreDataEnvirSample;
			sourceTree = "<group>";
		};
		A2ED3ED317112B3F003E9A37 /* Supporting Files */ = {
			isa = PBXGroup;
			children = (
				A2ED3ED417112B3F003E9A37 /* CoreDataEnvirSample-Info.plist */,
				A2ED3ED517112B3F003E9A37 /* InfoPlist.strings */,
				A2ED3ED817112B3F003E9A37 /* main.m */,
				A2ED3EDA17112B3F003E9A37 /* CoreDataEnvirSample-Prefix.pch */,
				A2ED3EDE17112B3F003E9A37 /* Default.png */,
				A2ED3EE017112B3F003E9A37 /* Default@2x.png */,
				A2ED3EE217112B3F003E9A37 /* Default-568h@2x.png */,
				A2ED3F0F17112D37003E9A37 /* SampleModel.xcdatamodeld */,
				A2EC7C3117F3F1B600CBE4FC /* Member.h */,
				A2EC7C3217F3F1B600CBE4FC /* Member.m */,
				A2EC7C2E17F3F1B600CBE4FC /* Team.h */,
				A2EC7C2F17F3F1B600CBE4FC /* Team.m */,
				A2EC7C3417F3F2BD00CBE4FC /* demo.plist */,
			);
			name = "Supporting Files";
			sourceTree = "<group>";
		};
		A2ED3EF917112B40003E9A37 /* CoreDataEnvirSampleTests */ = {
			isa = PBXGroup;
			children = (
				A2ED3EFF17112B40003E9A37 /* CoreDataEnvirSampleTests.h */,
				A2ED3F0017112B40003E9A37 /* CoreDataEnvirSampleTests.m */,
				A2ED3EFA17112B40003E9A37 /* Supporting Files */,
			);
			path = CoreDataEnvirSampleTests;
			sourceTree = "<group>";
		};
		A2ED3EFA17112B40003E9A37 /* Supporting Files */ = {
			isa = PBXGroup;
			children = (
				A2ED3EFB17112B40003E9A37 /* CoreDataEnvirSampleTests-Info.plist */,
				A2ED3EFC17112B40003E9A37 /* InfoPlist.strings */,
			);
			name = "Supporting Files";
			sourceTree = "<group>";
		};
		A2ED3F0A17112BAC003E9A37 /* CoreDataEnvir */ = {
			isa = PBXGroup;
			children = (
				A2ED3F0B17112C58003E9A37 /* CoreDataEnvir.h */,
				A2ED3F0C17112C58003E9A37 /* CoreDataEnvir.m */,
			);
			path = CoreDataEnvir;
			sourceTree = "<group>";
		};
/* End PBXGroup section */

/* Begin PBXNativeTarget section */
		A2CC432018079C6E0029C967 /* LionCoreDataLibrary */ = {
			isa = PBXNativeTarget;
			buildConfigurationList = A2CC434218079C6F0029C967 /* Build configuration list for PBXNativeTarget "LionCoreDataLibrary" */;
			buildPhases = (
				A2CC431D18079C6E0029C967 /* Sources */,
				A2CC431E18079C6E0029C967 /* Frameworks */,
				A2CC431F18079C6E0029C967 /* CopyFiles */,
			);
			buildRules = (
			);
			dependencies = (
			);
			name = LionCoreDataLibrary;
			productName = LionCoreData;
			productReference = A2CC432118079C6E0029C967 /* libLionCoreDataLibrary.a */;
			productType = "com.apple.product-type.library.static";
		};
		A2CC432D18079C6F0029C967 /* LionCoreDataTests */ = {
			isa = PBXNativeTarget;
			buildConfigurationList = A2CC434318079C6F0029C967 /* Build configuration list for PBXNativeTarget "LionCoreDataTests" */;
			buildPhases = (
				A2CC432A18079C6F0029C967 /* Sources */,
				A2CC432B18079C6F0029C967 /* Frameworks */,
				A2CC432C18079C6F0029C967 /* Resources */,
			);
			buildRules = (
			);
			dependencies = (
				A2CC433418079C6F0029C967 /* PBXTargetDependency */,
			);
			name = LionCoreDataTests;
			productName = LionCoreDataTests;
			productReference = A2CC432E18079C6F0029C967 /* LionCoreDataTests.xctest */;
			productType = "com.apple.product-type.bundle.unit-test";
		};
		A2ED3EC817112B3F003E9A37 /* CoreDataEnvirSample */ = {
			isa = PBXNativeTarget;
			buildConfigurationList = A2ED3F0417112B40003E9A37 /* Build configuration list for PBXNativeTarget "CoreDataEnvirSample" */;
			buildPhases = (
				A2ED3EC517112B3F003E9A37 /* Sources */,
				A2ED3EC617112B3F003E9A37 /* Frameworks */,
				A2ED3EC717112B3F003E9A37 /* Resources */,
			);
			buildRules = (
			);
			dependencies = (
			);
			name = CoreDataEnvirSample;
			productName = CoreDataEnvirSample;
			productReference = A2ED3EC917112B3F003E9A37 /* CoreDataEnvirSample.app */;
			productType = "com.apple.product-type.application";
		};
		A2ED3EF117112B40003E9A37 /* CoreDataEnvirSampleTests */ = {
			isa = PBXNativeTarget;
			buildConfigurationList = A2ED3F0717112B40003E9A37 /* Build configuration list for PBXNativeTarget "CoreDataEnvirSampleTests" */;
			buildPhases = (
				A2ED3EED17112B40003E9A37 /* Sources */,
				A2ED3EEE17112B40003E9A37 /* Frameworks */,
				A2ED3EEF17112B40003E9A37 /* Resources */,
				A2ED3EF017112B40003E9A37 /* ShellScript */,
			);
			buildRules = (
			);
			dependencies = (
				A2ED3EF817112B40003E9A37 /* PBXTargetDependency */,
			);
			name = CoreDataEnvirSampleTests;
			productName = CoreDataEnvirSampleTests;
			productReference = A2ED3EF217112B40003E9A37 /* CoreDataEnvirSampleTests.octest */;
			productType = "com.apple.product-type.bundle";
		};
/* End PBXNativeTarget section */

/* Begin PBXProject section */
		A2ED3EC117112B3F003E9A37 /* Project object */ = {
			isa = PBXProject;
			attributes = {
				LastUpgradeCheck = 0460;
				ORGANIZATIONNAME = Nicholas.Xu;
				TargetAttributes = {
					A2CC432D18079C6F0029C967 = {
						TestTargetID = A2ED3EC817112B3F003E9A37;
					};
					A2ED3EC817112B3F003E9A37 = {
						DevelopmentTeam = 375GT6S3QN;
					};
				};
			};
			buildConfigurationList = A2ED3EC417112B3F003E9A37 /* Build configuration list for PBXProject "CoreDataEnvirSample" */;
			compatibilityVersion = "Xcode 3.2";
			developmentRegion = English;
			hasScannedForEncodings = 0;
			knownRegions = (
				en,
				"zh-Hans",
			);
			mainGroup = A2ED3EC017112B3F003E9A37;
			productRefGroup = A2ED3ECA17112B3F003E9A37 /* Products */;
			projectDirPath = "";
			projectRoot = "";
			targets = (
				A2ED3EC817112B3F003E9A37 /* CoreDataEnvirSample */,
				A2ED3EF117112B40003E9A37 /* CoreDataEnvirSampleTests */,
				A2CC432018079C6E0029C967 /* LionCoreDataLibrary */,
				A2CC432D18079C6F0029C967 /* LionCoreDataTests */,
			);
		};
/* End PBXProject section */

/* Begin PBXResourcesBuildPhase section */
		A2CC432C18079C6F0029C967 /* Resources */ = {
			isa = PBXResourcesBuildPhase;
			buildActionMask = 2147483647;
			files = (
				A2CC433B18079C6F0029C967 /* InfoPlist.strings in Resources */,
			);
			runOnlyForDeploymentPostprocessing = 0;
		};
		A2ED3EC717112B3F003E9A37 /* Resources */ = {
			isa = PBXResourcesBuildPhase;
			buildActionMask = 2147483647;
			files = (
				A2ED3ED717112B3F003E9A37 /* InfoPlist.strings in Resources */,
				A2ED3EDF17112B3F003E9A37 /* Default.png in Resources */,
				A2EC7C3517F3F2BD00CBE4FC /* demo.plist in Resources */,
				A2ED3EE117112B3F003E9A37 /* Default@2x.png in Resources */,
				A2ED3EE317112B3F003E9A37 /* Default-568h@2x.png in Resources */,
			);
			runOnlyForDeploymentPostprocessing = 0;
		};
		A2ED3EEF17112B40003E9A37 /* Resources */ = {
			isa = PBXResourcesBuildPhase;
			buildActionMask = 2147483647;
			files = (
				A2ED3EFE17112B40003E9A37 /* InfoPlist.strings in Resources */,
			);
			runOnlyForDeploymentPostprocessing = 0;
		};
/* End PBXResourcesBuildPhase section */

/* Begin PBXShellScriptBuildPhase section */
		A2ED3EF017112B40003E9A37 /* ShellScript */ = {
			isa = PBXShellScriptBuildPhase;
			buildActionMask = 2147483647;
			files = (
			);
			inputPaths = (
			);
			outputPaths = (
			);
			runOnlyForDeploymentPostprocessing = 0;
			shellPath = /bin/sh;
			shellScript = "# Run the unit tests in this test bundle.\n\"${SYSTEM_DEVELOPER_DIR}/Tools/RunUnitTests\"\n";
		};
/* End PBXShellScriptBuildPhase section */

/* Begin PBXSourcesBuildPhase section */
		A2CC431D18079C6E0029C967 /* Sources */ = {
			isa = PBXSourcesBuildPhase;
			buildActionMask = 2147483647;
			files = (
				A2CC434418079C950029C967 /* CoreDataEnvir.m in Sources */,
			);
			runOnlyForDeploymentPostprocessing = 0;
		};
		A2CC432A18079C6F0029C967 /* Sources */ = {
			isa = PBXSourcesBuildPhase;
			buildActionMask = 2147483647;
			files = (
				A2CC433D18079C6F0029C967 /* LionCoreDataTests.m in Sources */,
			);
			runOnlyForDeploymentPostprocessing = 0;
		};
		A2ED3EC517112B3F003E9A37 /* Sources */ = {
			isa = PBXSourcesBuildPhase;
			buildActionMask = 2147483647;
			files = (
				A2EC7C3817F3F53200CBE4FC /* ConcurrencyViewController.m in Sources */,
				A2EC7CA917F4168300CBE4FC /* RelationshipViewController.m in Sources */,
				A2ED3ED917112B3F003E9A37 /* main.m in Sources */,
				A2ED3EDD17112B3F003E9A37 /* AppDelegate.m in Sources */,
				A2ED3EE617112B3F003E9A37 /* ViewController.m in Sources */,
				A2ED3F0D17112C58003E9A37 /* CoreDataEnvir.m in Sources */,
				A2EC7C3317F3F1B600CBE4FC /* Member.m in Sources */,
				A2EC7C3017F3F1B600CBE4FC /* Team.m in Sources */,
				A2ED3F1117112D37003E9A37 /* SampleModel.xcdatamodeld in Sources */,
			);
			runOnlyForDeploymentPostprocessing = 0;
		};
		A2ED3EED17112B40003E9A37 /* Sources */ = {
			isa = PBXSourcesBuildPhase;
			buildActionMask = 2147483647;
			files = (
				A2ED3F0117112B40003E9A37 /* CoreDataEnvirSampleTests.m in Sources */,
				A2ED3F0E17112C58003E9A37 /* CoreDataEnvir.m in Sources */,
				A2ED3F1217112D37003E9A37 /* SampleModel.xcdatamodeld in Sources */,
			);
			runOnlyForDeploymentPostprocessing = 0;
		};
/* End PBXSourcesBuildPhase section */

/* Begin PBXTargetDependency section */
		A2CC433418079C6F0029C967 /* PBXTargetDependency */ = {
			isa = PBXTargetDependency;
			target = A2CC432018079C6E0029C967 /* LionCoreDataLibrary */;
			targetProxy = A2CC433318079C6F0029C967 /* PBXContainerItemProxy */;
		};
		A2ED3EF817112B40003E9A37 /* PBXTargetDependency */ = {
			isa = PBXTargetDependency;
			target = A2ED3EC817112B3F003E9A37 /* CoreDataEnvirSample */;
			targetProxy = A2ED3EF717112B40003E9A37 /* PBXContainerItemProxy */;
		};
/* End PBXTargetDependency section */

/* Begin PBXVariantGroup section */
		A2CC433918079C6F0029C967 /* InfoPlist.strings */ = {
			isa = PBXVariantGroup;
			children = (
				A2CC433A18079C6F0029C967 /* en */,
				74C52DB4186C31BF00D2BD25 /* zh-Hans */,
			);
			name = InfoPlist.strings;
			sourceTree = "<group>";
		};
		A2ED3ED517112B3F003E9A37 /* InfoPlist.strings */ = {
			isa = PBXVariantGroup;
			children = (
				A2ED3ED617112B3F003E9A37 /* en */,
			);
			name = InfoPlist.strings;
			sourceTree = "<group>";
		};
		A2ED3EFC17112B40003E9A37 /* InfoPlist.strings */ = {
			isa = PBXVariantGroup;
			children = (
				A2ED3EFD17112B40003E9A37 /* en */,
				74C52DB3186C31BE00D2BD25 /* zh-Hans */,
			);
			name = InfoPlist.strings;
			sourceTree = "<group>";
		};
/* End PBXVariantGroup section */

/* Begin XCBuildConfiguration section */
		A2CC433E18079C6F0029C967 /* Debug */ = {
			isa = XCBuildConfiguration;
			buildSettings = {
				ARCHS = "$(ARCHS_STANDARD)";
				CLANG_ENABLE_MODULES = YES;
				CLANG_ENABLE_OBJC_ARC = YES;
				CLANG_WARN_BOOL_CONVERSION = YES;
				CLANG_WARN_DIRECT_OBJC_ISA_USAGE = YES_ERROR;
				CLANG_WARN_OBJC_ROOT_CLASS = YES_ERROR;
				DSTROOT = /tmp/LionCoreData.dst;
				GCC_PRECOMPILE_PREFIX_HEADER = YES;
				GCC_PREFIX_HEADER = "LionCoreData/LionCoreData-Prefix.pch";
				GCC_PREPROCESSOR_DEFINITIONS = (
					"DEBUG=1",
					"$(inherited)",
				);
				GCC_WARN_64_TO_32_BIT_CONVERSION = YES;
				GCC_WARN_ABOUT_RETURN_TYPE = YES_ERROR;
				GCC_WARN_UNDECLARED_SELECTOR = YES;
				GCC_WARN_UNUSED_FUNCTION = YES;
				IPHONEOS_DEPLOYMENT_TARGET = 5.0;
				LINK_WITH_STANDARD_LIBRARIES = YES;
				OTHER_LDFLAGS = "-ObjC";
				PRODUCT_NAME = "$(TARGET_NAME)";
				SKIP_INSTALL = YES;
			};
			name = Debug;
		};
		A2CC433F18079C6F0029C967 /* Release */ = {
			isa = XCBuildConfiguration;
			buildSettings = {
				ARCHS = "$(ARCHS_STANDARD)";
				CLANG_ENABLE_MODULES = YES;
				CLANG_ENABLE_OBJC_ARC = YES;
				CLANG_WARN_BOOL_CONVERSION = YES;
				CLANG_WARN_DIRECT_OBJC_ISA_USAGE = YES_ERROR;
				CLANG_WARN_OBJC_ROOT_CLASS = YES_ERROR;
				DSTROOT = /tmp/LionCoreData.dst;
				ENABLE_NS_ASSERTIONS = NO;
				GCC_PRECOMPILE_PREFIX_HEADER = YES;
				GCC_PREFIX_HEADER = "LionCoreData/LionCoreData-Prefix.pch";
				GCC_WARN_64_TO_32_BIT_CONVERSION = YES;
				GCC_WARN_ABOUT_RETURN_TYPE = YES_ERROR;
				GCC_WARN_UNDECLARED_SELECTOR = YES;
				GCC_WARN_UNUSED_FUNCTION = YES;
				IPHONEOS_DEPLOYMENT_TARGET = 5.0;
				LINK_WITH_STANDARD_LIBRARIES = YES;
				OTHER_LDFLAGS = "-ObjC";
				PRODUCT_NAME = "$(TARGET_NAME)";
				SKIP_INSTALL = YES;
			};
			name = Release;
		};
		A2CC434018079C6F0029C967 /* Debug */ = {
			isa = XCBuildConfiguration;
			buildSettings = {
				ARCHS = "$(ARCHS_STANDARD_INCLUDING_64_BIT)";
				BUNDLE_LOADER = "$(BUILT_PRODUCTS_DIR)/CoreDataEnvirSample.app/CoreDataEnvirSample";
				CLANG_ENABLE_MODULES = YES;
				CLANG_ENABLE_OBJC_ARC = YES;
				CLANG_WARN_BOOL_CONVERSION = YES;
				CLANG_WARN_DIRECT_OBJC_ISA_USAGE = YES_ERROR;
				CLANG_WARN_OBJC_ROOT_CLASS = YES_ERROR;
				FRAMEWORK_SEARCH_PATHS = (
					"$(SDKROOT)/Developer/Library/Frameworks",
					"$(inherited)",
					"$(DEVELOPER_FRAMEWORKS_DIR)",
				);
				GCC_PRECOMPILE_PREFIX_HEADER = YES;
				GCC_PREFIX_HEADER = "LionCoreData/LionCoreData-Prefix.pch";
				GCC_PREPROCESSOR_DEFINITIONS = (
					"DEBUG=1",
					"$(inherited)",
				);
				GCC_WARN_64_TO_32_BIT_CONVERSION = YES;
				GCC_WARN_ABOUT_RETURN_TYPE = YES_ERROR;
				GCC_WARN_UNDECLARED_SELECTOR = YES;
				GCC_WARN_UNUSED_FUNCTION = YES;
				INFOPLIST_FILE = "LionCoreDataTests/LionCoreDataTests-Info.plist";
				IPHONEOS_DEPLOYMENT_TARGET = 7.0;
				PRODUCT_NAME = "$(TARGET_NAME)";
				TEST_HOST = "$(BUNDLE_LOADER)";
				WRAPPER_EXTENSION = xctest;
			};
			name = Debug;
		};
		A2CC434118079C6F0029C967 /* Release */ = {
			isa = XCBuildConfiguration;
			buildSettings = {
				ARCHS = "$(ARCHS_STANDARD_INCLUDING_64_BIT)";
				BUNDLE_LOADER = "$(BUILT_PRODUCTS_DIR)/CoreDataEnvirSample.app/CoreDataEnvirSample";
				CLANG_ENABLE_MODULES = YES;
				CLANG_ENABLE_OBJC_ARC = YES;
				CLANG_WARN_BOOL_CONVERSION = YES;
				CLANG_WARN_DIRECT_OBJC_ISA_USAGE = YES_ERROR;
				CLANG_WARN_OBJC_ROOT_CLASS = YES_ERROR;
				ENABLE_NS_ASSERTIONS = NO;
				FRAMEWORK_SEARCH_PATHS = (
					"$(SDKROOT)/Developer/Library/Frameworks",
					"$(inherited)",
					"$(DEVELOPER_FRAMEWORKS_DIR)",
				);
				GCC_PRECOMPILE_PREFIX_HEADER = YES;
				GCC_PREFIX_HEADER = "LionCoreData/LionCoreData-Prefix.pch";
				GCC_WARN_64_TO_32_BIT_CONVERSION = YES;
				GCC_WARN_ABOUT_RETURN_TYPE = YES_ERROR;
				GCC_WARN_UNDECLARED_SELECTOR = YES;
				GCC_WARN_UNUSED_FUNCTION = YES;
				INFOPLIST_FILE = "LionCoreDataTests/LionCoreDataTests-Info.plist";
				IPHONEOS_DEPLOYMENT_TARGET = 7.0;
				PRODUCT_NAME = "$(TARGET_NAME)";
				TEST_HOST = "$(BUNDLE_LOADER)";
				WRAPPER_EXTENSION = xctest;
			};
			name = Release;
		};
		A2ED3F0217112B40003E9A37 /* Debug */ = {
			isa = XCBuildConfiguration;
			buildSettings = {
				ALWAYS_SEARCH_USER_PATHS = NO;
				CLANG_CXX_LANGUAGE_STANDARD = "gnu++0x";
				CLANG_CXX_LIBRARY = "libc++";
				CLANG_WARN_CONSTANT_CONVERSION = YES;
				CLANG_WARN_EMPTY_BODY = YES;
				CLANG_WARN_ENUM_CONVERSION = YES;
				CLANG_WARN_INT_CONVERSION = YES;
				CLANG_WARN__DUPLICATE_METHOD_MATCH = YES;
				"CODE_SIGN_IDENTITY[sdk=iphoneos*]" = "iPhone Developer";
				COPY_PHASE_STRIP = NO;
				GCC_C_LANGUAGE_STANDARD = gnu99;
				GCC_DYNAMIC_NO_PIC = NO;
				GCC_OPTIMIZATION_LEVEL = 0;
				GCC_PREPROCESSOR_DEFINITIONS = (
					"DEBUG=1",
					"$(inherited)",
				);
				GCC_SYMBOLS_PRIVATE_EXTERN = NO;
				GCC_WARN_ABOUT_RETURN_TYPE = YES;
				GCC_WARN_UNINITIALIZED_AUTOS = YES;
				GCC_WARN_UNUSED_VARIABLE = YES;
				IPHONEOS_DEPLOYMENT_TARGET = 6.1;
				ONLY_ACTIVE_ARCH = YES;
				SDKROOT = iphoneos;
				SKIP_INSTALL = YES;
				TARGETED_DEVICE_FAMILY = "1,2";
			};
			name = Debug;
		};
		A2ED3F0317112B40003E9A37 /* Release */ = {
			isa = XCBuildConfiguration;
			buildSettings = {
				ALWAYS_SEARCH_USER_PATHS = NO;
				CLANG_CXX_LANGUAGE_STANDARD = "gnu++0x";
				CLANG_CXX_LIBRARY = "libc++";
				CLANG_WARN_CONSTANT_CONVERSION = YES;
				CLANG_WARN_EMPTY_BODY = YES;
				CLANG_WARN_ENUM_CONVERSION = YES;
				CLANG_WARN_INT_CONVERSION = YES;
				CLANG_WARN__DUPLICATE_METHOD_MATCH = YES;
				"CODE_SIGN_IDENTITY[sdk=iphoneos*]" = "iPhone Developer";
				COPY_PHASE_STRIP = YES;
				GCC_C_LANGUAGE_STANDARD = gnu99;
				GCC_WARN_ABOUT_RETURN_TYPE = YES;
				GCC_WARN_UNINITIALIZED_AUTOS = YES;
				GCC_WARN_UNUSED_VARIABLE = YES;
				IPHONEOS_DEPLOYMENT_TARGET = 6.1;
				OTHER_CFLAGS = "-DNS_BLOCK_ASSERTIONS=1";
				SDKROOT = iphoneos;
				SKIP_INSTALL = YES;
				TARGETED_DEVICE_FAMILY = "1,2";
				VALIDATE_PRODUCT = YES;
			};
			name = Release;
		};
		A2ED3F0517112B40003E9A37 /* Debug */ = {
			isa = XCBuildConfiguration;
			buildSettings = {
				CODE_SIGN_IDENTITY = "iPhone Developer";
				"CODE_SIGN_IDENTITY[sdk=iphoneos*]" = "iPhone Developer";
				GCC_PRECOMPILE_PREFIX_HEADER = YES;
				GCC_PREFIX_HEADER = "CoreDataEnvirSample/CoreDataEnvirSample-Prefix.pch";
				INFOPLIST_FILE = "CoreDataEnvirSample/CoreDataEnvirSample-Info.plist";
				IPHONEOS_DEPLOYMENT_TARGET = 5.0;
				PRODUCT_NAME = "$(TARGET_NAME)";
				PROVISIONING_PROFILE = "";
				SDKROOT = iphoneos;
				TARGETED_DEVICE_FAMILY = 1;
				VALID_ARCHS = "armv7 armv7s";
				WRAPPER_EXTENSION = app;
			};
			name = Debug;
		};
		A2ED3F0617112B40003E9A37 /* Release */ = {
			isa = XCBuildConfiguration;
			buildSettings = {
				CODE_SIGN_IDENTITY = "iPhone Developer";
				"CODE_SIGN_IDENTITY[sdk=iphoneos*]" = "iPhone Developer";
				GCC_PRECOMPILE_PREFIX_HEADER = YES;
				GCC_PREFIX_HEADER = "CoreDataEnvirSample/CoreDataEnvirSample-Prefix.pch";
				INFOPLIST_FILE = "CoreDataEnvirSample/CoreDataEnvirSample-Info.plist";
				IPHONEOS_DEPLOYMENT_TARGET = 5.0;
				PRODUCT_NAME = "$(TARGET_NAME)";
				PROVISIONING_PROFILE = "";
				SDKROOT = iphoneos;
				TARGETED_DEVICE_FAMILY = 1;
				VALID_ARCHS = "armv7 armv7s";
				WRAPPER_EXTENSION = app;
			};
			name = Release;
		};
		A2ED3F0817112B40003E9A37 /* Debug */ = {
			isa = XCBuildConfiguration;
			buildSettings = {
				BUNDLE_LOADER = "$(BUILT_PRODUCTS_DIR)/CoreDataEnvirSample.app/CoreDataEnvirSample";
				FRAMEWORK_SEARCH_PATHS = (
					"\"$(SDKROOT)/Developer/Library/Frameworks\"",
					"\"$(DEVELOPER_LIBRARY_DIR)/Frameworks\"",
				);
				GCC_PRECOMPILE_PREFIX_HEADER = YES;
				GCC_PREFIX_HEADER = "CoreDataEnvirSample/CoreDataEnvirSample-Prefix.pch";
				INFOPLIST_FILE = "CoreDataEnvirSampleTests/CoreDataEnvirSampleTests-Info.plist";
				PRODUCT_NAME = "$(TARGET_NAME)";
				TEST_HOST = "$(BUNDLE_LOADER)";
				WRAPPER_EXTENSION = octest;
			};
			name = Debug;
		};
		A2ED3F0917112B40003E9A37 /* Release */ = {
			isa = XCBuildConfiguration;
			buildSettings = {
				BUNDLE_LOADER = "$(BUILT_PRODUCTS_DIR)/CoreDataEnvirSample.app/CoreDataEnvirSample";
				FRAMEWORK_SEARCH_PATHS = (
					"\"$(SDKROOT)/Developer/Library/Frameworks\"",
					"\"$(DEVELOPER_LIBRARY_DIR)/Frameworks\"",
				);
				GCC_PRECOMPILE_PREFIX_HEADER = YES;
				GCC_PREFIX_HEADER = "CoreDataEnvirSample/CoreDataEnvirSample-Prefix.pch";
				INFOPLIST_FILE = "CoreDataEnvirSampleTests/CoreDataEnvirSampleTests-Info.plist";
				PRODUCT_NAME = "$(TARGET_NAME)";
				TEST_HOST = "$(BUNDLE_LOADER)";
				WRAPPER_EXTENSION = octest;
			};
			name = Release;
		};
/* End XCBuildConfiguration section */

/* Begin XCConfigurationList section */
		A2CC434218079C6F0029C967 /* Build configuration list for PBXNativeTarget "LionCoreDataLibrary" */ = {
			isa = XCConfigurationList;
			buildConfigurations = (
				A2CC433E18079C6F0029C967 /* Debug */,
				A2CC433F18079C6F0029C967 /* Release */,
			);
			defaultConfigurationIsVisible = 0;
			defaultConfigurationName = Release;
		};
		A2CC434318079C6F0029C967 /* Build configuration list for PBXNativeTarget "LionCoreDataTests" */ = {
			isa = XCConfigurationList;
			buildConfigurations = (
				A2CC434018079C6F0029C967 /* Debug */,
				A2CC434118079C6F0029C967 /* Release */,
			);
			defaultConfigurationIsVisible = 0;
			defaultConfigurationName = Release;
		};
		A2ED3EC417112B3F003E9A37 /* Build configuration list for PBXProject "CoreDataEnvirSample" */ = {
			isa = XCConfigurationList;
			buildConfigurations = (
				A2ED3F0217112B40003E9A37 /* Debug */,
				A2ED3F0317112B40003E9A37 /* Release */,
			);
			defaultConfigurationIsVisible = 0;
			defaultConfigurationName = Release;
		};
		A2ED3F0417112B40003E9A37 /* Build configuration list for PBXNativeTarget "CoreDataEnvirSample" */ = {
			isa = XCConfigurationList;
			buildConfigurations = (
				A2ED3F0517112B40003E9A37 /* Debug */,
				A2ED3F0617112B40003E9A37 /* Release */,
			);
			defaultConfigurationIsVisible = 0;
			defaultConfigurationName = Release;
		};
		A2ED3F0717112B40003E9A37 /* Build configuration list for PBXNativeTarget "CoreDataEnvirSampleTests" */ = {
			isa = XCConfigurationList;
			buildConfigurations = (
				A2ED3F0817112B40003E9A37 /* Debug */,
				A2ED3F0917112B40003E9A37 /* Release */,
			);
			defaultConfigurationIsVisible = 0;
			defaultConfigurationName = Release;
		};
/* End XCConfigurationList section */

/* Begin XCVersionGroup section */
		A2ED3F0F17112D37003E9A37 /* SampleModel.xcdatamodeld */ = {
			isa = XCVersionGroup;
			children = (
				A2ED3F1017112D37003E9A37 /* SampleModel.xcdatamodel */,
			);
			currentVersion = A2ED3F1017112D37003E9A37 /* SampleModel.xcdatamodel */;
			path = SampleModel.xcdatamodeld;
			sourceTree = "<group>";
			versionGroupType = wrapper.xcdatamodel;
		};
/* End XCVersionGroup section */
	};
	rootObject = A2ED3EC117112B3F003E9A37 /* Project object */;
}
